
Microsoft Visual Studio Solution File, Format Version 12.00
# Visual Studio Version 17
VisualStudioVersion = 17.7.34024.191
MinimumVisualStudioVersion = 10.0.40219.1
Project("{FAE04EC0-301F-11D3-BF4B-00C04F79EFBC}") = "csharp-oop-shop", "csharp-oop-shop\csharp-oop-shop.csproj", "{AA21D365-2C16-4EEE-B255-4D53B0624019}"
EndProject
Global
	GlobalSection(SolutionConfigurationPlatforms) = preSolution
		Debug|Any CPU = Debug|Any CPU
		Release|Any CPU = Release|Any CPU
	EndGlobalSection
	GlobalSection(ProjectConfigurationPlatforms) = postSolution
		{AA21D365-2C16-4EEE-B255-4D53B0624019}.Debug|Any CPU.ActiveCfg = Debug|Any CPU
		{AA21D365-2C16-4EEE-B255-4D53B0624019}.Debug|Any CPU.Build.0 = Debug|Any CPU
		{AA21D365-2C16-4EEE-B255-4D53B0624019}.Release|Any CPU.ActiveCfg = Release|Any CPU
		{AA21D365-2C16-4EEE-B255-4D53B0624019}.Release|Any CPU.Build.0 = Release|Any CPU
	EndGlobalSection
	GlobalSection(SolutionProperties) = preSolution
		HideSolutionNode = FALSE
	EndGlobalSection
	GlobalSection(ExtensibilityGlobals) = postSolution
		SolutionGuid = {F9D6E837-E7D8-4305-B659-281EC000A20C}
	EndGlobalSection
EndGlobal
